{
  "version": 4,
  "terraform_version": "1.9.8",
  "serial": 6,
  "lineage": "a8516a61-492d-d822-2d1c-67915b38e0ad",
  "outputs": {
    "oracle_instance_ip": {
      "value": "34.72.121.236",
      "type": "string"
    },
    "oracle_instance_name": {
      "value": "oracle-db-instance",
      "type": "string"
    },
    "oracle_machine_type": {
      "value": "e2-medium",
      "type": "string"
    },
    "oracle_zone": {
      "value": "us-central1-a",
      "type": "string"
    }
  },
  "resources": [
    {
      "mode": "managed",
      "type": "google_compute_firewall",
      "name": "oracle_firewall",
      "provider": "provider[\"registry.terraform.io/hashicorp/google\"]",
      "instances": [
        {
          "schema_version": 1,
          "attributes": {
            "allow": [
              {
                "ports": [
                  "1521"
                ],
                "protocol": "tcp"
              }
            ],
            "creation_timestamp": "2025-10-15T13:16:02.614-07:00",
            "deny": [],
            "description": "",
            "destination_ranges": [],
            "direction": "INGRESS",
            "disabled": false,
            "enable_logging": null,
            "id": "projects/jenkins-terraform-demo-472920/global/firewalls/allow-oracle",
            "log_config": [],
            "name": "allow-oracle",
            "network": "https://www.googleapis.com/compute/v1/projects/jenkins-terraform-demo-472920/global/networks/default",
            "priority": 1000,
            "project": "jenkins-terraform-demo-472920",
            "self_link": "https://www.googleapis.com/compute/v1/projects/jenkins-terraform-demo-472920/global/firewalls/allow-oracle",
            "source_ranges": [
              "0.0.0.0/0"
            ],
            "source_service_accounts": null,
            "source_tags": null,
            "target_service_accounts": null,
            "target_tags": [
              "oracle-db"
            ],
            "timeouts": null
          },
          "sensitive_attributes": [],
          "private": "eyJlMmJmYjczMC1lY2FhLTExZTYtOGY4OC0zNDM2M2JjN2M0YzAiOnsiY3JlYXRlIjoxMjAwMDAwMDAwMDAwLCJkZWxldGUiOjEyMDAwMDAwMDAwMDAsInVwZGF0ZSI6MTIwMDAwMDAwMDAwMH0sInNjaGVtYV92ZXJzaW9uIjoiMSJ9"
        }
      ]
    },
    {
      "mode": "managed",
      "type": "google_compute_instance",
      "name": "oracle_instance",
      "provider": "provider[\"registry.terraform.io/hashicorp/google\"]",
      "instances": [
        {
          "schema_version": 6,
          "attributes": {
            "advanced_machine_features": [],
            "allow_stopping_for_update": null,
            "attached_disk": [],
            "boot_disk": [
              {
                "auto_delete": true,
                "device_name": "persistent-disk-0",
                "disk_encryption_key_raw": "",
                "disk_encryption_key_sha256": "",
                "initialize_params": [
                  {
                    "image": "https://www.googleapis.com/compute/v1/projects/oracle-linux-cloud/global/images/oracle-linux-8-v20250820",
                    "labels": {},
                    "resource_manager_tags": null,
                    "size": 50,
                    "type": "pd-standard"
                  }
                ],
                "kms_key_self_link": "",
                "mode": "READ_WRITE",
                "source": "https://www.googleapis.com/compute/v1/projects/jenkins-terraform-demo-472920/zones/us-central1-a/disks/oracle-db-instance"
              }
            ],
            "can_ip_forward": false,
            "confidential_instance_config": [],
            "cpu_platform": "Intel Broadwell",
            "current_status": "RUNNING",
            "deletion_protection": false,
            "description": "",
            "desired_status": null,
            "effective_labels": {},
            "enable_display": false,
            "guest_accelerator": [],
            "hostname": "",
            "id": "projects/jenkins-terraform-demo-472920/zones/us-central1-a/instances/oracle-db-instance",
            "instance_id": "7244411445341700076",
            "label_fingerprint": "42WmSpB8rSM=",
            "labels": null,
            "machine_type": "e2-medium",
            "metadata": null,
            "metadata_fingerprint": "G-frsfaBsow=",
            "metadata_startup_script": "#!/bin/bash\necho \"Instalando Oracle...\"\nsudo apt update -y\nsudo apt install -y wget unzip\necho \"Oracle instalado correctamente\" \u003e /tmp/oracle_install.log\n",
            "min_cpu_platform": "",
            "name": "oracle-db-instance",
            "network_interface": [
              {
                "access_config": [
                  {
                    "nat_ip": "34.72.121.236",
                    "network_tier": "PREMIUM",
                    "public_ptr_domain_name": ""
                  }
                ],
                "alias_ip_range": [],
                "internal_ipv6_prefix_length": 0,
                "ipv6_access_config": [],
                "ipv6_access_type": "",
                "ipv6_address": "",
                "name": "nic0",
                "network": "https://www.googleapis.com/compute/v1/projects/jenkins-terraform-demo-472920/global/networks/default",
                "network_ip": "10.128.0.6",
                "nic_type": "",
                "queue_count": 0,
                "stack_type": "IPV4_ONLY",
                "subnetwork": "https://www.googleapis.com/compute/v1/projects/jenkins-terraform-demo-472920/regions/us-central1/subnetworks/default",
                "subnetwork_project": "jenkins-terraform-demo-472920"
              }
            ],
            "network_performance_config": [],
            "params": [],
            "project": "jenkins-terraform-demo-472920",
            "reservation_affinity": [],
            "resource_policies": null,
            "scheduling": [
              {
                "automatic_restart": true,
                "instance_termination_action": "",
                "local_ssd_recovery_timeout": [],
                "min_node_cpus": 0,
                "node_affinities": [],
                "on_host_maintenance": "MIGRATE",
                "preemptible": false,
                "provisioning_model": "STANDARD"
              }
            ],
            "scratch_disk": [],
            "self_link": "https://www.googleapis.com/compute/v1/projects/jenkins-terraform-demo-472920/zones/us-central1-a/instances/oracle-db-instance",
            "service_account": [],
            "shielded_instance_config": [
              {
                "enable_integrity_monitoring": true,
                "enable_secure_boot": false,
                "enable_vtpm": true
              }
            ],
            "tags": [
              "oracle-db"
            ],
            "tags_fingerprint": "m3iB11YS75E=",
            "terraform_labels": {},
            "timeouts": null,
            "zone": "us-central1-a"
          },
          "sensitive_attributes": [
            [
              {
                "type": "get_attr",
                "value": "boot_disk"
              },
              {
                "type": "index",
                "value": {
                  "value": 0,
                  "type": "number"
                }
              },
              {
                "type": "get_attr",
                "value": "disk_encryption_key_raw"
              }
            ]
          ],
          "private": "eyJlMmJmYjczMC1lY2FhLTExZTYtOGY4OC0zNDM2M2JjN2M0YzAiOnsiY3JlYXRlIjoxMjAwMDAwMDAwMDAwLCJkZWxldGUiOjEyMDAwMDAwMDAwMDAsInVwZGF0ZSI6MTIwMDAwMDAwMDAwMH0sInNjaGVtYV92ZXJzaW9uIjoiNiJ9"
        }
      ]
    }
  ],
  "check_results": null
}
